
Microsoft Visual Studio Solution File, Format Version 12.00
Project("{FAE04EC0-301F-11D3-BF4B-00C04F79EFBC}") = "Week3", "Week3.csproj", "{DD5629B0-D4B3-441E-AC72-826AC2AFCA6F}"
EndProject
Project("{FAE04EC0-301F-11D3-BF4B-00C04F79EFBC}") = "TestProject1", "TestProject1\TestProject1.csproj", "{474A577B-18FD-4D23-AF3E-17066064B58C}"
EndProject
Global
	GlobalSection(SolutionConfigurationPlatforms) = preSolution
		Debug|Any CPU = Debug|Any CPU
		Release|Any CPU = Release|Any CPU
	EndGlobalSection
	GlobalSection(ProjectConfigurationPlatforms) = postSolution
		{DD5629B0-D4B3-441E-AC72-826AC2AFCA6F}.Debug|Any CPU.ActiveCfg = Debug|Any CPU
		{DD5629B0-D4B3-441E-AC72-826AC2AFCA6F}.Debug|Any CPU.Build.0 = Debug|Any CPU
		{DD5629B0-D4B3-441E-AC72-826AC2AFCA6F}.Release|Any CPU.ActiveCfg = Release|Any CPU
		{DD5629B0-D4B3-441E-AC72-826AC2AFCA6F}.Release|Any CPU.Build.0 = Release|Any CPU
		{474A577B-18FD-4D23-AF3E-17066064B58C}.Debug|Any CPU.ActiveCfg = Debug|Any CPU
		{474A577B-18FD-4D23-AF3E-17066064B58C}.Debug|Any CPU.Build.0 = Debug|Any CPU
		{474A577B-18FD-4D23-AF3E-17066064B58C}.Release|Any CPU.ActiveCfg = Release|Any CPU
		{474A577B-18FD-4D23-AF3E-17066064B58C}.Release|Any CPU.Build.0 = Release|Any CPU
	EndGlobalSection
EndGlobal
